
Microsoft Visual Studio Solution File, Format Version 12.00
# Visual Studio 15
Project("{F2A71F9B-5D33-465A-A702-920D77279786}") = "fsharp_react", "fsharp_react\fsharp_react.fsproj", "{E95776A3-73D5-499F-AA48-715511D51325}"
EndProject
Global
	GlobalSection(SolutionConfigurationPlatforms) = preSolution
		Debug|Any CPU = Debug|Any CPU
		Release|Any CPU = Release|Any CPU
	EndGlobalSection
	GlobalSection(ProjectConfigurationPlatforms) = postSolution
		{E95776A3-73D5-499F-AA48-715511D51325}.Debug|Any CPU.ActiveCfg = Debug|Any CPU
		{E95776A3-73D5-499F-AA48-715511D51325}.Debug|Any CPU.Build.0 = Debug|Any CPU
		{E95776A3-73D5-499F-AA48-715511D51325}.Release|Any CPU.ActiveCfg = Release|Any CPU
		{E95776A3-73D5-499F-AA48-715511D51325}.Release|Any CPU.Build.0 = Release|Any CPU
	EndGlobalSection
EndGlobal
